
Microsoft Visual Studio Solution File, Format Version 12.00
# Visual Studio 15
VisualStudioVersion = 15.0.27130.2010
MinimumVisualStudioVersion = 10.0.40219.1
Project("{2150E333-8FDC-42A3-9474-1A3956D46DE8}") = "Solution Items", "Solution Items", "{E3B579FF-547C-4A69-A610-AB0B72732E09}"
	ProjectSection(SolutionItems) = preProject
		.editorconfig = .editorconfig
		.gitignore = .gitignore
		common.props = common.props
		LICENSE.txt = LICENSE.txt
		README.md = README.md
		version.json = version.json
		version.props = version.props
	EndProjectSection
EndProject
Project("{9A19103F-16F7-4668-BE54-9A1E7A4F7556}") = "Clocks.System", "Clocks.System\Clocks.System.csproj", "{BF86A680-5250-4387-BBED-A1A680BFBFC2}"
EndProject
Project("{9A19103F-16F7-4668-BE54-9A1E7A4F7556}") = "Clocks.Abstraction", "Clocks.Abstraction\Clocks.Abstraction.csproj", "{6DFB7DB7-2BAA-448F-A193-30163C8E115E}"
EndProject
Project("{9A19103F-16F7-4668-BE54-9A1E7A4F7556}") = "Clocks.LamportClock", "Clocks.LamportClock\Clocks.LamportClock.csproj", "{94D9E2C7-D0B5-4B61-95E4-09EDFC3022BE}"
EndProject
Global
	GlobalSection(SolutionConfigurationPlatforms) = preSolution
		Debug|Any CPU = Debug|Any CPU
		Release|Any CPU = Release|Any CPU
	EndGlobalSection
	GlobalSection(ProjectConfigurationPlatforms) = postSolution
		{BF86A680-5250-4387-BBED-A1A680BFBFC2}.Debug|Any CPU.ActiveCfg = Debug|Any CPU
		{BF86A680-5250-4387-BBED-A1A680BFBFC2}.Debug|Any CPU.Build.0 = Debug|Any CPU
		{BF86A680-5250-4387-BBED-A1A680BFBFC2}.Release|Any CPU.ActiveCfg = Release|Any CPU
		{BF86A680-5250-4387-BBED-A1A680BFBFC2}.Release|Any CPU.Build.0 = Release|Any CPU
		{6DFB7DB7-2BAA-448F-A193-30163C8E115E}.Debug|Any CPU.ActiveCfg = Debug|Any CPU
		{6DFB7DB7-2BAA-448F-A193-30163C8E115E}.Debug|Any CPU.Build.0 = Debug|Any CPU
		{6DFB7DB7-2BAA-448F-A193-30163C8E115E}.Release|Any CPU.ActiveCfg = Release|Any CPU
		{6DFB7DB7-2BAA-448F-A193-30163C8E115E}.Release|Any CPU.Build.0 = Release|Any CPU
		{94D9E2C7-D0B5-4B61-95E4-09EDFC3022BE}.Debug|Any CPU.ActiveCfg = Debug|Any CPU
		{94D9E2C7-D0B5-4B61-95E4-09EDFC3022BE}.Debug|Any CPU.Build.0 = Debug|Any CPU
		{94D9E2C7-D0B5-4B61-95E4-09EDFC3022BE}.Release|Any CPU.ActiveCfg = Release|Any CPU
		{94D9E2C7-D0B5-4B61-95E4-09EDFC3022BE}.Release|Any CPU.Build.0 = Release|Any CPU
	EndGlobalSection
	GlobalSection(SolutionProperties) = preSolution
		HideSolutionNode = FALSE
	EndGlobalSection
	GlobalSection(ExtensibilityGlobals) = postSolution
		SolutionGuid = {B66EDA9E-CAC1-4DA4-A281-BC79E5CFAAB4}
	EndGlobalSection
EndGlobal
